
Microsoft Visual Studio Solution File, Format Version 12.00
# Visual Studio Version 17
VisualStudioVersion = 17.7.34031.279
MinimumVisualStudioVersion = 10.0.40219.1
Project("{2150E333-8FDC-42A3-9474-1A3956D46DE8}") = "Solution Items", "Solution Items", "{939B9CF9-040F-4F8A-B0D4-2752217718B3}"
	ProjectSection(SolutionItems) = preProject
		.gitignore = .gitignore
	EndProjectSection
EndProject
Project("{9A19103F-16F7-4668-BE54-9A1E7A4F7556}") = "gms.web", "gms.web\gms.web.csproj", "{FBE816D2-F751-4426-A2B1-9C9222FA203A}"
EndProject
Project("{9A19103F-16F7-4668-BE54-9A1E7A4F7556}") = "gms.common", "gms.common\gms.common.csproj", "{1763D15B-C10A-49A4-8504-539297CA2171}"
EndProject
Project("{9A19103F-16F7-4668-BE54-9A1E7A4F7556}") = "gms.data", "gms.data\gms.data.csproj", "{92B019F8-D73A-4608-9CF3-10906CDDD23D}"
EndProject
Project("{9A19103F-16F7-4668-BE54-9A1E7A4F7556}") = "gms.service", "gms.service\gms.service.csproj", "{6120DF05-5A56-44B7-A66C-DCA284CA2C40}"
EndProject
Global
	GlobalSection(SolutionConfigurationPlatforms) = preSolution
		Debug|Any CPU = Debug|Any CPU
		Release|Any CPU = Release|Any CPU
	EndGlobalSection
	GlobalSection(ProjectConfigurationPlatforms) = postSolution
		{FBE816D2-F751-4426-A2B1-9C9222FA203A}.Debug|Any CPU.ActiveCfg = Debug|Any CPU
		{FBE816D2-F751-4426-A2B1-9C9222FA203A}.Debug|Any CPU.Build.0 = Debug|Any CPU
		{FBE816D2-F751-4426-A2B1-9C9222FA203A}.Release|Any CPU.ActiveCfg = Release|Any CPU
		{FBE816D2-F751-4426-A2B1-9C9222FA203A}.Release|Any CPU.Build.0 = Release|Any CPU
		{1763D15B-C10A-49A4-8504-539297CA2171}.Debug|Any CPU.ActiveCfg = Debug|Any CPU
		{1763D15B-C10A-49A4-8504-539297CA2171}.Debug|Any CPU.Build.0 = Debug|Any CPU
		{1763D15B-C10A-49A4-8504-539297CA2171}.Release|Any CPU.ActiveCfg = Release|Any CPU
		{1763D15B-C10A-49A4-8504-539297CA2171}.Release|Any CPU.Build.0 = Release|Any CPU
		{92B019F8-D73A-4608-9CF3-10906CDDD23D}.Debug|Any CPU.ActiveCfg = Debug|Any CPU
		{92B019F8-D73A-4608-9CF3-10906CDDD23D}.Debug|Any CPU.Build.0 = Debug|Any CPU
		{92B019F8-D73A-4608-9CF3-10906CDDD23D}.Release|Any CPU.ActiveCfg = Release|Any CPU
		{92B019F8-D73A-4608-9CF3-10906CDDD23D}.Release|Any CPU.Build.0 = Release|Any CPU
		{6120DF05-5A56-44B7-A66C-DCA284CA2C40}.Debug|Any CPU.ActiveCfg = Debug|Any CPU
		{6120DF05-5A56-44B7-A66C-DCA284CA2C40}.Debug|Any CPU.Build.0 = Debug|Any CPU
		{6120DF05-5A56-44B7-A66C-DCA284CA2C40}.Release|Any CPU.ActiveCfg = Release|Any CPU
		{6120DF05-5A56-44B7-A66C-DCA284CA2C40}.Release|Any CPU.Build.0 = Release|Any CPU
	EndGlobalSection
	GlobalSection(SolutionProperties) = preSolution
		HideSolutionNode = FALSE
	EndGlobalSection
	GlobalSection(ExtensibilityGlobals) = postSolution
		SolutionGuid = {D416AB87-2FDA-4D6F-95B5-716B8B11DC86}
	EndGlobalSection
EndGlobal
